hash: d09b5f818a3751cf0aebe5e27cab5da9d37b2d4e9f3a359667966fd669ed74c1
updated: 2017-10-11T16:32:55.938523714+02:00
imports:
- name: github.com/abiosoft/ishell
  version: 795ad792f757b4bbe1d9db72c389b0f8eb108896
- name: github.com/akavel/polyclip-go
  version: 2cfdb71461bde9115450eb65688337e3f8ee715e
- name: github.com/bitly/go-notify
  version: 0a148b8111d688ba7550fc7119fe0d5d8e650838
- name: github.com/bytearena/box2d
  version: 6a120bfe0653a6b77776488137fb5bcf364d27af
- name: github.com/bytearena/schnapps
  version: f1c245b4ed8ad1b5ebadfc48e657f1ea37888e96
  subpackages:
  - cli
  - dhcp
  - dns
  - id
  - libvirt
  - metadata
  - scheduler
  - types
  - utils
- name: github.com/cenkalti/backoff
  version: 61153c768f31ee5f130071d08fc82b85208528de
- name: github.com/chzyer/readline
  version: 6a4bc7b4feaeff8feb63f87d5fb2cf3e3610a559
- name: github.com/davecgh/go-spew
  version: 346938d642f2ec3594ed81d874461961cd0faa76
- name: github.com/davecgh/go-xdr
  version: e6a2ba005892b6a5b27cb5352f64c2e96942dd28
  subpackages:
  - xdr2
- name: github.com/dhconnelly/rtreego
  version: 1323b09fe8f32430ea7e16ea1df99e106e3e6250
- name: github.com/digitalocean/go-libvirt
  version: a339d0ac95059a40f3e505ef3be370e9a902b852
  subpackages:
  - internal/constants
- name: github.com/digitalocean/go-qemu
  version: 39453ac6362fa53db33d9129fac40d3824052c7b
  subpackages:
  - qmp
- name: github.com/docker/distribution
  version: f86db6b22663a27ba4d278220b7e34be528b1e79
  subpackages:
  - digestset
  - reference
- name: github.com/docker/docker
  version: 82c2a08b6018586f3c8f35405c3bd6fce3c78ccd
  subpackages:
  - api
  - api/types
  - api/types/blkiodev
  - api/types/container
  - api/types/events
  - api/types/filters
  - api/types/image
  - api/types/mount
  - api/types/network
  - api/types/registry
  - api/types/strslice
  - api/types/swarm
  - api/types/time
  - api/types/versions
  - api/types/volume
  - builder/dockerfile/command
  - builder/dockerfile/parser
  - client
  - pkg/ioutils
  - pkg/longpath
  - pkg/mount
  - pkg/system
  - pkg/tlsconfig
- name: github.com/docker/go-connections
  version: 3ede32e2033de7505e6500d6c868c2b9ed9f169d
  subpackages:
  - nat
  - sockets
  - tlsconfig
- name: github.com/docker/go-units
  version: 0dadbb0345b35ec7ef35e228dabb8de89a65bf52
- name: github.com/docker/libtrust
  version: aabc10ec26b754e797f9028f4589c5b7bd90dc20
- name: github.com/fatih/color
  version: 5df930a27be2502f99b292b7cc09ebad4d0891f4
- name: github.com/flynn-archive/go-shlex
  version: 3f9db97f856818214da2e1057f8ad84803971cff
- name: github.com/go-redis/redis
  version: fdafb11e5fa5d52d965e12073c8a58468c98ebe2
  subpackages:
  - internal
  - internal/consistenthash
  - internal/hashtag
  - internal/pool
  - internal/proto
- name: github.com/gorilla/context
  version: 50c25fb3b2b3b3cc724e9b6ac75fb44b3bccd0da
- name: github.com/gorilla/handlers
  version: a4043c62cc2329bacda331d33fc908ab11ef0ec3
- name: github.com/gorilla/mux
  version: bcd8bc72b08df0f70df986b97f95590779502d31
- name: github.com/gorilla/websocket
  version: ea4d1f681babbce9545c9c5f3d5194a789c89f5b
- name: github.com/influxdata/influxdb
  version: a7c3d3c0f7b74f71919047adbc4933460967a576
  subpackages:
  - client/v2
  - models
  - pkg/escape
- name: github.com/kardianos/osext
  version: ae77be60afb1dcacde03767a8c37337fad28ac14
- name: github.com/mattn/go-colorable
  version: 5411d3eea5978e6cdc258b30de592b60df6aba96
  repo: https://github.com/mattn/go-colorable
- name: github.com/mattn/go-isatty
  version: 57fdcb988a5c543893cc61bce354a6e24ab70022
  repo: https://github.com/mattn/go-isatty
- name: github.com/Microsoft/go-winio
  version: 78439966b38d69bf38227fbf57ac8a6fee70f69a
- name: github.com/miekg/dns
  version: 946bd9fbed05568b0f3cd188353d8aa28f38b688
  subpackages:
  - internal/socket
- name: github.com/netgusto/poly2tri-go
  version: d102ad91854fea433a859be7b7de879439911aeb
- name: github.com/opencontainers/go-digest
  version: 279bed98673dd5bef374d3b6e4b09e2af76183bf
- name: github.com/opencontainers/image-spec
  version: ebd93fd0782379ca3d821f0fa74f0651a9347a3e
  subpackages:
  - specs-go
  - specs-go/v1
- name: github.com/pkg/errors
  version: 2b3a18b5f0fb6b4f9190549597d3f962c02bc5eb
- name: github.com/satori/go.uuid
  version: 879c5887cd475cd7864858769793b2ceb0d44feb
- name: github.com/Sirupsen/logrus
  version: 89742aefa4b206dcf400792f3bd35b542998eb3b
- name: github.com/skratchdot/open-golang
  version: 75fb7ed4208cf72d323d7d02fd1a5964a7a9073c
  subpackages:
  - open
- name: github.com/stretchr/testify
  version: 69483b4bd14f5845b5a1e55bca19e954e827f1d0
  subpackages:
  - assert
- name: github.com/ttacon/chalk
  version: 76b3c8b611dea8f83e49e9ce81fc2b189e0ef3d2
- name: golang.org/x/crypto
  version: 9477e0b78b9ac3d0b03822fd95422e2fe07627cd
  subpackages:
  - ssh/terminal
- name: golang.org/x/net
  version: 6a513affb38dc9788b449d59ffed099b8de18fa0
  subpackages:
  - context
  - context/ctxhttp
  - proxy
- name: golang.org/x/sys
  version: b44883b474ffefa37335017174e397412b633a4f
  subpackages:
  - unix
  - windows
testImports: []
