hash: 3549bb3d60ddf161d4131ab2c7694572ccc4a5eb923fa1f6e84eeebbec947e6a
updated: 2017-11-10T13:43:53.867701896+01:00
imports:
- name: github.com/abiosoft/ishell
  version: 795ad792f757b4bbe1d9db72c389b0f8eb108896
- name: github.com/akavel/polyclip-go
  version: 2cfdb71461bde9115450eb65688337e3f8ee715e
- name: github.com/bitly/go-notify
  version: 0a148b8111d688ba7550fc7119fe0d5d8e650838
- name: github.com/bytearena/box2d
  version: 58acea7fee08a5fbb5a3a4c8f867205dd9826ae1
- name: github.com/bytearena/ecs
  version: 9807b7a979332b86419262a53b2b7e2295f98a9a
- name: github.com/bytearena/schnapps
  version: 26c1054ec1fe6c48e8e84bf10ee7f69552765c4f
  subpackages:
  - cli
  - dhcp
  - dns
  - id
  - libvirt
  - metadata
  - qmp
  - scheduler
  - types
  - utils
- name: github.com/cenkalti/backoff
  version: 61153c768f31ee5f130071d08fc82b85208528de
- name: github.com/cheggaaa/pb
  version: fec330ed6ef74d0a026da2c639821ee0d9f97687
- name: github.com/chzyer/readline
  version: 6a4bc7b4feaeff8feb63f87d5fb2cf3e3610a559
- name: github.com/containerd/continuity
  version: 1bed1ecb1dc42d8f4d2ac8c23e5cac64749e82c9
  subpackages:
  - pathdriver
- name: github.com/davecgh/go-spew
  version: 346938d642f2ec3594ed81d874461961cd0faa76
  subpackages:
  - spew
- name: github.com/davecgh/go-xdr
  version: e6a2ba005892b6a5b27cb5352f64c2e96942dd28
  subpackages:
  - xdr2
- name: github.com/dhconnelly/rtreego
  version: 1323b09fe8f32430ea7e16ea1df99e106e3e6250
- name: github.com/digitalocean/go-libvirt
  version: a339d0ac95059a40f3e505ef3be370e9a902b852
  subpackages:
  - internal/constants
- name: github.com/digitalocean/go-qemu
  version: 73697a4a0f532c1fe3f6b5f00479272788915d51
  subpackages:
  - qmp
- name: github.com/docker/distribution
  version: f86db6b22663a27ba4d278220b7e34be528b1e79
  subpackages:
  - digestset
  - reference
- name: github.com/docker/docker
  version: 147ec3be2e7fe5d35553401990317cf49088ec86
  subpackages:
  - api
  - api/types
  - api/types/blkiodev
  - api/types/container
  - api/types/events
  - api/types/filters
  - api/types/image
  - api/types/mount
  - api/types/network
  - api/types/registry
  - api/types/strslice
  - api/types/swarm
  - api/types/swarm/runtime
  - api/types/time
  - api/types/versions
  - api/types/volume
  - builder/dockerfile/command
  - builder/dockerfile/parser
  - client
  - pkg/mount
  - pkg/system
- name: github.com/docker/go-connections
  version: 3ede32e2033de7505e6500d6c868c2b9ed9f169d
  subpackages:
  - nat
  - sockets
  - tlsconfig
- name: github.com/docker/go-units
  version: 0dadbb0345b35ec7ef35e228dabb8de89a65bf52
- name: github.com/fatih/color
  version: 5df930a27be2502f99b292b7cc09ebad4d0891f4
- name: github.com/flynn-archive/go-shlex
  version: 3f9db97f856818214da2e1057f8ad84803971cff
- name: github.com/go-gl/mathgl
  version: 4c3fc6b4bf30179013667e5d0b926e024d9a13c1
  subpackages:
  - mgl64
- name: github.com/go-redis/redis
  version: fdafb11e5fa5d52d965e12073c8a58468c98ebe2
  subpackages:
  - internal
  - internal/consistenthash
  - internal/hashtag
  - internal/pool
  - internal/proto
- name: github.com/gogo/protobuf
  version: 30433562cfbf487fe1df7cd26c7bab168d2f14d0
  subpackages:
  - proto
- name: github.com/gorilla/context
  version: 08b5f424b9271eedf6f9f0ce86cb9396ed337a42
- name: github.com/gorilla/handlers
  version: a4043c62cc2329bacda331d33fc908ab11ef0ec3
- name: github.com/gorilla/mux
  version: bcd8bc72b08df0f70df986b97f95590779502d31
- name: github.com/gorilla/websocket
  version: ea4d1f681babbce9545c9c5f3d5194a789c89f5b
- name: github.com/influxdata/influxdb
  version: 2d474a3089bcfce6b472779be9470a1f0ef3d5e4
  subpackages:
  - client/v2
  - models
  - pkg/escape
- name: github.com/json-iterator/go
  version: 6240e1e7983a85228f7fd9c3e1b6932d46ec58e2
- name: github.com/kardianos/osext
  version: ae77be60afb1dcacde03767a8c37337fad28ac14
- name: github.com/mailru/easyjson
  version: 5f62e4f3afa2f576dc86531b7df4d966b19ef8f8
  subpackages:
  - buffer
  - jlexer
  - jwriter
- name: github.com/mattn/go-colorable
  version: 5411d3eea5978e6cdc258b30de592b60df6aba96
  repo: https://github.com/mattn/go-colorable
- name: github.com/mattn/go-isatty
  version: 57fdcb988a5c543893cc61bce354a6e24ab70022
  repo: https://github.com/mattn/go-isatty
- name: github.com/Microsoft/go-winio
  version: 78439966b38d69bf38227fbf57ac8a6fee70f69a
- name: github.com/miekg/dns
  version: 822ae18e7187e1bbde923a37081f6c1b8e9ba68a
  subpackages:
  - internal/socket
- name: github.com/netgusto/poly2tri-go
  version: d102ad91854fea433a859be7b7de879439911aeb
- name: github.com/nsf/termbox-go
  version: aa4a75b1c20a2b03751b1a9f7e41d58bd6f71c43
- name: github.com/opencontainers/go-digest
  version: 279bed98673dd5bef374d3b6e4b09e2af76183bf
- name: github.com/opencontainers/image-spec
  version: 7c889fafd04a893f5c5f50b7ab9963d5d64e5242
  subpackages:
  - specs-go
  - specs-go/v1
- name: github.com/pkg/errors
  version: f15c970de5b76fac0b59abb32d62c17cc7bed265
- name: github.com/satori/go.uuid
  version: 879c5887cd475cd7864858769793b2ceb0d44feb
- name: github.com/sirupsen/logrus
  version: 89742aefa4b206dcf400792f3bd35b542998eb3b
- name: github.com/skratchdot/open-golang
  version: 75fb7ed4208cf72d323d7d02fd1a5964a7a9073c
  subpackages:
  - open
- name: github.com/stretchr/testify
  version: 69483b4bd14f5845b5a1e55bca19e954e827f1d0
  subpackages:
  - assert
- name: github.com/ttacon/chalk
  version: 76b3c8b611dea8f83e49e9ce81fc2b189e0ef3d2
- name: github.com/urfave/cli
  version: cfb38830724cc34fedffe9a2a29fb54fa9169cd1
- name: github.com/xtuc/better-errors
  version: 5af9d4833ce699608449ee5d7694414fbfcaf318
  subpackages:
  - printer/tree
- name: github.com/xtuc/schaloop
  version: 9638fcdc196e786f64d8584d7008dbb7cc91c089
  subpackages:
  - monitoring
- name: golang.org/x/crypto
  version: 9477e0b78b9ac3d0b03822fd95422e2fe07627cd
  subpackages:
  - ssh/terminal
- name: golang.org/x/image
  version: f7e31b4ea2e3413ab91b4e7d2dc83e5f8d19a44c
  subpackages:
  - math/f64
- name: golang.org/x/net
  version: aabf50738bcdd9b207582cbe796b59ed65d56680
  subpackages:
  - context
  - context/ctxhttp
  - proxy
- name: golang.org/x/sys
  version: e24f485414aeafb646f6fca458b0bf869c0880a1
  subpackages:
  - unix
  - windows
- name: gopkg.in/cheggaaa/pb.v2
  version: fec330ed6ef74d0a026da2c639821ee0d9f97687
  subpackages:
  - termutil
- name: gopkg.in/fatih/color.v1
  version: 570b54cabe6b8eb0bc2dfce68d964677d63b5260
- name: gopkg.in/mattn/go-colorable.v0
  version: 167de6bfdfba052fa6b2d3664c8f5272e23c9072
- name: gopkg.in/mattn/go-isatty.v0
  version: 0360b2af4f38e8d38c7fce2a9f4e702702d73a39
- name: gopkg.in/mattn/go-runewidth.v0
  version: 9e777a8366cce605130a531d2cd6363d07ad7317
- name: gopkg.in/VividCortex/ewma.v1
  version: b24eb346a94c3ba12c1da1e564dbac1b498a77ce
testImports:
- name: github.com/pmezard/go-difflib
  version: d8ed2627bdf02c080bf22230dbb337003b7aba2d
  subpackages:
  - difflib
